<?xml version="1.0" encoding="utf-8"?>
<Project ToolsVersion="4.0" xmlns="http://schemas.microsoft.com/developer/msbuild/2003">
  <ItemGroup>
    <ClCompile Include="Window.cpp">
      <Filter>Source Files</Filter>
    </ClCompile>
    <ClCompile Include="GeneratedFiles\qrc_Window.cpp">
      <Filter>Generated Files</Filter>
    </ClCompile>
    <ClCompile Include="Display.cpp">
      <Filter>Source Files</Filter>
    </ClCompile>
    <ClCompile Include="GeneratedFiles\Debug\moc_Display.cpp">
      <Filter>Generated Files\Debug</Filter>
    </ClCompile>
    <ClCompile Include="Texture.cpp">
      <Filter>Source Files</Filter>
    </ClCompile>
    <ClCompile Include="GeneratedFiles\Debug\moc_Window.cpp">
      <Filter>Generated Files\Debug</Filter>
    </ClCompile>
    <ClCompile Include="GeneratedFiles\Release\moc_Window.cpp">
      <Filter>Generated Files\Release</Filter>
    </ClCompile>
    <ClCompile Include="GeneratedFiles\Release\moc_Display.cpp">
      <Filter>Generated Files\Release</Filter>
    </ClCompile>
    <ClCompile Include="Settings.cpp">
      <Filter>Source Files</Filter>
    </ClCompile>
    <ClCompile Include="stdafx.cpp">
      <Filter>Source Files</Filter>
    </ClCompile>
    <ClCompile Include="Simulation.cpp">
      <Filter>Source Files</Filter>
    </ClCompile>
    <ClCompile Include="main.cpp">
      <Filter>Source Files</Filter>
    </ClCompile>
    <ClCompile Include="GeneratedFiles\Debug\moc_Settings.cpp">
      <Filter>Generated Files\Debug</Filter>
    </ClCompile>
    <ClCompile Include="GeneratedFiles\Release\moc_Settings.cpp">
      <Filter>Generated Files\Release</Filter>
    </ClCompile>
    <ClCompile Include="AssemblingBench.cpp">
      <Filter>Source Files\Objects\Benches</Filter>
    </ClCompile>
    <ClCompile Include="DryerBench.cpp">
      <Filter>Source Files\Objects\Benches</Filter>
    </ClCompile>
    <ClCompile Include="MillingBench.cpp">
      <Filter>Source Files\Objects\Benches</Filter>
    </ClCompile>
    <ClCompile Include="PaintingBench.cpp">
      <Filter>Source Files\Objects\Benches</Filter>
    </ClCompile>
    <ClCompile Include="PSBench.cpp">
      <Filter>Source Files\Objects\Benches</Filter>
    </ClCompile>
    <ClCompile Include="SortingBench.cpp">
      <Filter>Source Files\Objects\Benches</Filter>
    </ClCompile>
  </ItemGroup>
  <ItemGroup>
    <Filter Include="Resource Files">
      <UniqueIdentifier>{D9D6E242-F8AF-46E4-B9FD-80ECBC20BA3E}</UniqueIdentifier>
      <Extensions>qrc;*</Extensions>
      <ParseFiles>false</ParseFiles>
    </Filter>
    <Filter Include="Source Files">
      <UniqueIdentifier>{4FC737F1-C7A5-4376-A066-2A32D752A2FF}</UniqueIdentifier>
      <Extensions>cpp;c;cc;cxx;def;odl;idl;hpj;bat;asm;asmx</Extensions>
      <ParseFiles>true</ParseFiles>
    </Filter>
    <Filter Include="Header Files">
      <UniqueIdentifier>{93995380-89BD-4b04-88EB-625FBE52EBFB}</UniqueIdentifier>
      <Extensions>h;hh;hpp;hxx;hm;inl;inc;xsd</Extensions>
      <ParseFiles>true</ParseFiles>
    </Filter>
    <Filter Include="Generated Files">
      <UniqueIdentifier>{71ED8ED8-ACB9-4CE9-BBE1-E00B30144E11}</UniqueIdentifier>
      <Extensions>moc;h;cpp</Extensions>
      <ParseFiles>true</ParseFiles>
    </Filter>
    <Filter Include="Generated Files\Debug">
      <UniqueIdentifier>{517e8328-e69d-4427-8025-e5a905f04834}</UniqueIdentifier>
      <Extensions>cpp;moc</Extensions>
      <SourceControlFiles>False</SourceControlFiles>
    </Filter>
    <Filter Include="Generated Files\Release">
      <UniqueIdentifier>{3c76fa47-d43f-432f-8226-039cfda3b999}</UniqueIdentifier>
      <Extensions>cpp;moc</Extensions>
      <SourceControlFiles>False</SourceControlFiles>
    </Filter>
    <Filter Include="Form Files">
      <UniqueIdentifier>{99349809-55BA-4b9d-BF79-8FDBB0286EB3}</UniqueIdentifier>
      <Extensions>ui</Extensions>
      <ParseFiles>true</ParseFiles>
    </Filter>
    <Filter Include="Header Files\Util">
      <UniqueIdentifier>{25531435-875a-4129-a558-7e91fd5643fb}</UniqueIdentifier>
    </Filter>
    <Filter Include="Header Files\Objects">
      <UniqueIdentifier>{b9be377b-fdf9-45db-a1b9-ac91f018be66}</UniqueIdentifier>
    </Filter>
    <Filter Include="Header Files\Objects\Benches">
      <UniqueIdentifier>{d9930d35-dce6-447d-b682-ea681072d920}</UniqueIdentifier>
    </Filter>
    <Filter Include="Header Files\Objects\Products">
      <UniqueIdentifier>{55608e0d-75cc-4df2-aa39-bb3066c4a972}</UniqueIdentifier>
    </Filter>
    <Filter Include="Source Files\Objects">
      <UniqueIdentifier>{725b4b91-ba3a-49e9-afbd-3947dceae3fa}</UniqueIdentifier>
    </Filter>
    <Filter Include="Source Files\Objects\Benches">
      <UniqueIdentifier>{8daa689c-f0fa-43dd-8d36-71813692527f}</UniqueIdentifier>
    </Filter>
  </ItemGroup>
  <ItemGroup>
    <CustomBuild Include="Window.h">
      <Filter>Header Files</Filter>
    </CustomBuild>
    <CustomBuild Include="Window.ui">
      <Filter>Form Files</Filter>
    </CustomBuild>
    <CustomBuild Include="Window.qrc">
      <Filter>Resource Files</Filter>
    </CustomBuild>
    <CustomBuild Include="Display.h">
      <Filter>Header Files</Filter>
    </CustomBuild>
    <CustomBuild Include="Settings.ui">
      <Filter>Form Files</Filter>
    </CustomBuild>
    <CustomBuild Include="Settings.h">
      <Filter>Header Files</Filter>
    </CustomBuild>
  </ItemGroup>
  <ItemGroup>
    <ClInclude Include="GeneratedFiles\ui_Window.h">
      <Filter>Generated Files</Filter>
    </ClInclude>
    <ClInclude Include="stdafx.h">
      <Filter>Header Files</Filter>
    </ClInclude>
    <ClInclude Include="targetver.h">
      <Filter>Header Files</Filter>
    </ClInclude>
    <ClInclude Include="Texture.h">
      <Filter>Header Files</Filter>
    </ClInclude>
    <ClInclude Include="GeneratedFiles\ui_Settings.h">
      <Filter>Generated Files</Filter>
    </ClInclude>
    <ClInclude Include="Simulation.h">
      <Filter>Header Files</Filter>
    </ClInclude>
    <ClInclude Include="Util\Defines.h">
      <Filter>Header Files\Util</Filter>
    </ClInclude>
    <ClInclude Include="Util\Line.h">
      <Filter>Header Files\Util</Filter>
    </ClInclude>
    <ClInclude Include="Util\Math.h">
      <Filter>Header Files\Util</Filter>
    </ClInclude>
    <ClInclude Include="Util\Point.h">
      <Filter>Header Files\Util</Filter>
    </ClInclude>
    <ClInclude Include="Util\Triangle.h">
      <Filter>Header Files\Util</Filter>
    </ClInclude>
    <ClInclude Include="Util\Vec2.h">
      <Filter>Header Files\Util</Filter>
    </ClInclude>
    <ClInclude Include="Util\Vec3.h">
      <Filter>Header Files\Util</Filter>
    </ClInclude>
    <ClInclude Include="TimberLoader.h">
      <Filter>Header Files\Objects</Filter>
    </ClInclude>
    <ClInclude Include="Brigade.h">
      <Filter>Header Files\Objects</Filter>
    </ClInclude>
    <ClInclude Include="Button.h">
      <Filter>Header Files\Objects</Filter>
    </ClInclude>
    <ClInclude Include="Object.h">
      <Filter>Header Files\Objects</Filter>
    </ClInclude>
    <ClInclude Include="AssemblingBench.h">
      <Filter>Header Files\Objects\Benches</Filter>
    </ClInclude>
    <ClInclude Include="DryerBench.h">
      <Filter>Header Files\Objects\Benches</Filter>
    </ClInclude>
    <ClInclude Include="FnBench.h">
      <Filter>Header Files\Objects\Benches</Filter>
    </ClInclude>
    <ClInclude Include="MillingBench.h">
      <Filter>Header Files\Objects\Benches</Filter>
    </ClInclude>
    <ClInclude Include="PaintingBench.h">
      <Filter>Header Files\Objects\Benches</Filter>
    </ClInclude>
    <ClInclude Include="PackingBench.h">
      <Filter>Header Files\Objects\Benches</Filter>
    </ClInclude>
    <ClInclude Include="PSBench.h">
      <Filter>Header Files\Objects\Benches</Filter>
    </ClInclude>
    <ClInclude Include="SortingBench.h">
      <Filter>Header Files\Objects\Benches</Filter>
    </ClInclude>
    <ClInclude Include="Board.h">
      <Filter>Header Files\Objects\Products</Filter>
    </ClInclude>
    <ClInclude Include="Door.h">
      <Filter>Header Files\Objects\Products</Filter>
    </ClInclude>
    <ClInclude Include="Timber.h">
      <Filter>Header Files\Objects\Products</Filter>
    </ClInclude>
  </ItemGroup>
</Project>